Microsoft Visual Studio Solution File, Format Version 11.00
# Visual Studio 2008

Project("{6668CD4E-D3F9-7360-52A8-66102C152630}") = "450CauHoiGPLX", "Assembly-CSharp-firstpass.csproj", "{B84FE610-ECDE-DAAC-7C80-C61ABEA975DD}"
EndProject
Project("{6668CD4E-D3F9-7360-52A8-66102C152630}") = "450CauHoiGPLX", "Assembly-CSharp.csproj", "{73F8DBFC-9315-A64A-F0C8-2382133E510F}"
EndProject
Global
	GlobalSection(SolutionConfigurationPlatforms) = preSolution
		Debug|Any CPU = Debug|Any CPU
		Release|Any CPU = Release|Any CPU
	EndGlobalSection
	GlobalSection(ProjectConfigurationPlatforms) = postSolution
		{B84FE610-ECDE-DAAC-7C80-C61ABEA975DD}.Debug|Any CPU.ActiveCfg = Debug|Any CPU
		{B84FE610-ECDE-DAAC-7C80-C61ABEA975DD}.Debug|Any CPU.Build.0 = Debug|Any CPU
		{B84FE610-ECDE-DAAC-7C80-C61ABEA975DD}.Release|Any CPU.ActiveCfg = Release|Any CPU
		{B84FE610-ECDE-DAAC-7C80-C61ABEA975DD}.Release|Any CPU.Build.0 = Release|Any CPU
		{73F8DBFC-9315-A64A-F0C8-2382133E510F}.Debug|Any CPU.ActiveCfg = Debug|Any CPU
		{73F8DBFC-9315-A64A-F0C8-2382133E510F}.Debug|Any CPU.Build.0 = Debug|Any CPU
		{73F8DBFC-9315-A64A-F0C8-2382133E510F}.Release|Any CPU.ActiveCfg = Release|Any CPU
		{73F8DBFC-9315-A64A-F0C8-2382133E510F}.Release|Any CPU.Build.0 = Release|Any CPU
	EndGlobalSection
	GlobalSection(SolutionProperties) = preSolution
		HideSolutionNode = FALSE
	EndGlobalSection
	GlobalSection(MonoDevelopProperties) = preSolution
		StartupItem = Assembly-CSharp.csproj
	EndGlobalSection
EndGlobal
